
Microsoft Visual Studio Solution File, Format Version 12.00
# Visual Studio Version 17
VisualStudioVersion = 17.0.32112.339
MinimumVisualStudioVersion = 10.0.40219.1
Project("{FAE04EC0-301F-11D3-BF4B-00C04F79EFBC}") = "Capsicum", "Capsicum\Capsicum.csproj", "{24118869-4A3D-410E-89B6-E2A3CABC89CC}"
EndProject
Project("{FAE04EC0-301F-11D3-BF4B-00C04F79EFBC}") = "AutoMapCodeRefactoring", "AutoMapCodeRefactoring\AutoMapCodeRefactoring.csproj", "{AED6B40B-7980-465A-97C6-65698BA3756F}"
EndProject
Project("{FAE04EC0-301F-11D3-BF4B-00C04F79EFBC}") = "AutoMapCodeRefactoringTests", "AutoMapCodeRefactoringTests\AutoMapCodeRefactoringTests.csproj", "{47D4C283-77A8-4418-A1FB-22036BB887C7}"
EndProject
Global
	GlobalSection(SolutionConfigurationPlatforms) = preSolution
		Debug|Any CPU = Debug|Any CPU
		Debug|x86 = Debug|x86
		Release|Any CPU = Release|Any CPU
		Release|x86 = Release|x86
	EndGlobalSection
	GlobalSection(ProjectConfigurationPlatforms) = postSolution
		{24118869-4A3D-410E-89B6-E2A3CABC89CC}.Debug|Any CPU.ActiveCfg = Debug|Any CPU
		{24118869-4A3D-410E-89B6-E2A3CABC89CC}.Debug|Any CPU.Build.0 = Debug|Any CPU
		{24118869-4A3D-410E-89B6-E2A3CABC89CC}.Debug|x86.ActiveCfg = Debug|x86
		{24118869-4A3D-410E-89B6-E2A3CABC89CC}.Debug|x86.Build.0 = Debug|x86
		{24118869-4A3D-410E-89B6-E2A3CABC89CC}.Release|Any CPU.ActiveCfg = Release|Any CPU
		{24118869-4A3D-410E-89B6-E2A3CABC89CC}.Release|Any CPU.Build.0 = Release|Any CPU
		{24118869-4A3D-410E-89B6-E2A3CABC89CC}.Release|x86.ActiveCfg = Release|x86
		{24118869-4A3D-410E-89B6-E2A3CABC89CC}.Release|x86.Build.0 = Release|x86
		{AED6B40B-7980-465A-97C6-65698BA3756F}.Debug|Any CPU.ActiveCfg = Debug|Any CPU
		{AED6B40B-7980-465A-97C6-65698BA3756F}.Debug|Any CPU.Build.0 = Debug|Any CPU
		{AED6B40B-7980-465A-97C6-65698BA3756F}.Debug|x86.ActiveCfg = Debug|Any CPU
		{AED6B40B-7980-465A-97C6-65698BA3756F}.Debug|x86.Build.0 = Debug|Any CPU
		{AED6B40B-7980-465A-97C6-65698BA3756F}.Release|Any CPU.ActiveCfg = Release|Any CPU
		{AED6B40B-7980-465A-97C6-65698BA3756F}.Release|Any CPU.Build.0 = Release|Any CPU
		{AED6B40B-7980-465A-97C6-65698BA3756F}.Release|x86.ActiveCfg = Release|Any CPU
		{AED6B40B-7980-465A-97C6-65698BA3756F}.Release|x86.Build.0 = Release|Any CPU
		{47D4C283-77A8-4418-A1FB-22036BB887C7}.Debug|Any CPU.ActiveCfg = Debug|Any CPU
		{47D4C283-77A8-4418-A1FB-22036BB887C7}.Debug|Any CPU.Build.0 = Debug|Any CPU
		{47D4C283-77A8-4418-A1FB-22036BB887C7}.Debug|x86.ActiveCfg = Debug|Any CPU
		{47D4C283-77A8-4418-A1FB-22036BB887C7}.Debug|x86.Build.0 = Debug|Any CPU
		{47D4C283-77A8-4418-A1FB-22036BB887C7}.Release|Any CPU.ActiveCfg = Release|Any CPU
		{47D4C283-77A8-4418-A1FB-22036BB887C7}.Release|Any CPU.Build.0 = Release|Any CPU
		{47D4C283-77A8-4418-A1FB-22036BB887C7}.Release|x86.ActiveCfg = Release|Any CPU
		{47D4C283-77A8-4418-A1FB-22036BB887C7}.Release|x86.Build.0 = Release|Any CPU
	EndGlobalSection
	GlobalSection(SolutionProperties) = preSolution
		HideSolutionNode = FALSE
	EndGlobalSection
	GlobalSection(ExtensibilityGlobals) = postSolution
		SolutionGuid = {727BA29D-2C99-4F7E-8E96-6D8E8F64A9AD}
	EndGlobalSection
EndGlobal
