
Microsoft Visual Studio Solution File, Format Version 12.00
# Visual Studio Version 17
VisualStudioVersion = 17.0.32112.339
MinimumVisualStudioVersion = 10.0.40219.1
Project("{9A19103F-16F7-4668-BE54-9A1E7A4F7556}") = "AutoMapCodeRefactoring", "AutoMapCodeRefactoring\AutoMapCodeRefactoring.csproj", "{AED6B40B-7980-465A-97C6-65698BA3756F}"
EndProject
Project("{9A19103F-16F7-4668-BE54-9A1E7A4F7556}") = "AutoMapCodeRefactoringTests", "AutoMapCodeRefactoringTests\AutoMapCodeRefactoringTests.csproj", "{47D4C283-77A8-4418-A1FB-22036BB887C7}"
EndProject
Project("{FAE04EC0-301F-11D3-BF4B-00C04F79EFBC}") = "Capsicum.Vsix", "Capsicum\Capsicum.Vsix\Capsicum.Vsix.csproj", "{E6BD9E1E-ACDC-4EBA-8082-18A7F79C188F}"
EndProject
Global
	GlobalSection(SolutionConfigurationPlatforms) = preSolution
		Debug|Any CPU = Debug|Any CPU
		Debug|x86 = Debug|x86
		Release|Any CPU = Release|Any CPU
		Release|x86 = Release|x86
	EndGlobalSection
	GlobalSection(ProjectConfigurationPlatforms) = postSolution
		{AED6B40B-7980-465A-97C6-65698BA3756F}.Debug|Any CPU.ActiveCfg = Debug|Any CPU
		{AED6B40B-7980-465A-97C6-65698BA3756F}.Debug|Any CPU.Build.0 = Debug|Any CPU
		{AED6B40B-7980-465A-97C6-65698BA3756F}.Debug|x86.ActiveCfg = Debug|Any CPU
		{AED6B40B-7980-465A-97C6-65698BA3756F}.Debug|x86.Build.0 = Debug|Any CPU
		{AED6B40B-7980-465A-97C6-65698BA3756F}.Release|Any CPU.ActiveCfg = Release|Any CPU
		{AED6B40B-7980-465A-97C6-65698BA3756F}.Release|Any CPU.Build.0 = Release|Any CPU
		{AED6B40B-7980-465A-97C6-65698BA3756F}.Release|x86.ActiveCfg = Release|Any CPU
		{AED6B40B-7980-465A-97C6-65698BA3756F}.Release|x86.Build.0 = Release|Any CPU
		{47D4C283-77A8-4418-A1FB-22036BB887C7}.Debug|Any CPU.ActiveCfg = Debug|Any CPU
		{47D4C283-77A8-4418-A1FB-22036BB887C7}.Debug|Any CPU.Build.0 = Debug|Any CPU
		{47D4C283-77A8-4418-A1FB-22036BB887C7}.Debug|x86.ActiveCfg = Debug|Any CPU
		{47D4C283-77A8-4418-A1FB-22036BB887C7}.Debug|x86.Build.0 = Debug|Any CPU
		{47D4C283-77A8-4418-A1FB-22036BB887C7}.Release|Any CPU.ActiveCfg = Release|Any CPU
		{47D4C283-77A8-4418-A1FB-22036BB887C7}.Release|Any CPU.Build.0 = Release|Any CPU
		{47D4C283-77A8-4418-A1FB-22036BB887C7}.Release|x86.ActiveCfg = Release|Any CPU
		{47D4C283-77A8-4418-A1FB-22036BB887C7}.Release|x86.Build.0 = Release|Any CPU
		{E6BD9E1E-ACDC-4EBA-8082-18A7F79C188F}.Debug|Any CPU.ActiveCfg = Debug|Any CPU
		{E6BD9E1E-ACDC-4EBA-8082-18A7F79C188F}.Debug|Any CPU.Build.0 = Debug|Any CPU
		{E6BD9E1E-ACDC-4EBA-8082-18A7F79C188F}.Debug|x86.ActiveCfg = Debug|Any CPU
		{E6BD9E1E-ACDC-4EBA-8082-18A7F79C188F}.Debug|x86.Build.0 = Debug|Any CPU
		{E6BD9E1E-ACDC-4EBA-8082-18A7F79C188F}.Release|Any CPU.ActiveCfg = Release|Any CPU
		{E6BD9E1E-ACDC-4EBA-8082-18A7F79C188F}.Release|Any CPU.Build.0 = Release|Any CPU
		{E6BD9E1E-ACDC-4EBA-8082-18A7F79C188F}.Release|x86.ActiveCfg = Release|Any CPU
		{E6BD9E1E-ACDC-4EBA-8082-18A7F79C188F}.Release|x86.Build.0 = Release|Any CPU
	EndGlobalSection
	GlobalSection(SolutionProperties) = preSolution
		HideSolutionNode = FALSE
	EndGlobalSection
	GlobalSection(ExtensibilityGlobals) = postSolution
		SolutionGuid = {727BA29D-2C99-4F7E-8E96-6D8E8F64A9AD}
	EndGlobalSection
EndGlobal
